
Microsoft Visual Studio Solution File, Format Version 12.00
# Visual Studio 2013
VisualStudioVersion = 12.0.31101.0
MinimumVisualStudioVersion = 10.0.40219.1
Project("{FAE04EC0-301F-11D3-BF4B-00C04F79EFBC}") = "Array1", "Array1\Array1.csproj", "{C9B62135-7973-4BF9-92E1-7FCBEB8D645D}"
EndProject
Project("{FAE04EC0-301F-11D3-BF4B-00C04F79EFBC}") = "Array3", "Array3\Array3.csproj", "{E881715B-55EC-4FCF-ADBA-F5AA7F2416E3}"
EndProject
Project("{FAE04EC0-301F-11D3-BF4B-00C04F79EFBC}") = "Array2", "Array2\Array2.csproj", "{0A5E7426-8451-4C6D-BFB2-75D95E6FD9FA}"
EndProject
Project("{FAE04EC0-301F-11D3-BF4B-00C04F79EFBC}") = "Array4", "Array4\Array4.csproj", "{3740BA5F-1AEA-4D58-B64F-15FE70430F62}"
EndProject
Global
	GlobalSection(SolutionConfigurationPlatforms) = preSolution
		Debug|Any CPU = Debug|Any CPU
		Release|Any CPU = Release|Any CPU
	EndGlobalSection
	GlobalSection(ProjectConfigurationPlatforms) = postSolution
		{C9B62135-7973-4BF9-92E1-7FCBEB8D645D}.Debug|Any CPU.ActiveCfg = Debug|Any CPU
		{C9B62135-7973-4BF9-92E1-7FCBEB8D645D}.Debug|Any CPU.Build.0 = Debug|Any CPU
		{C9B62135-7973-4BF9-92E1-7FCBEB8D645D}.Release|Any CPU.ActiveCfg = Release|Any CPU
		{C9B62135-7973-4BF9-92E1-7FCBEB8D645D}.Release|Any CPU.Build.0 = Release|Any CPU
		{E881715B-55EC-4FCF-ADBA-F5AA7F2416E3}.Debug|Any CPU.ActiveCfg = Debug|Any CPU
		{E881715B-55EC-4FCF-ADBA-F5AA7F2416E3}.Debug|Any CPU.Build.0 = Debug|Any CPU
		{E881715B-55EC-4FCF-ADBA-F5AA7F2416E3}.Release|Any CPU.ActiveCfg = Release|Any CPU
		{E881715B-55EC-4FCF-ADBA-F5AA7F2416E3}.Release|Any CPU.Build.0 = Release|Any CPU
		{0A5E7426-8451-4C6D-BFB2-75D95E6FD9FA}.Debug|Any CPU.ActiveCfg = Debug|Any CPU
		{0A5E7426-8451-4C6D-BFB2-75D95E6FD9FA}.Debug|Any CPU.Build.0 = Debug|Any CPU
		{0A5E7426-8451-4C6D-BFB2-75D95E6FD9FA}.Release|Any CPU.ActiveCfg = Release|Any CPU
		{0A5E7426-8451-4C6D-BFB2-75D95E6FD9FA}.Release|Any CPU.Build.0 = Release|Any CPU
		{3740BA5F-1AEA-4D58-B64F-15FE70430F62}.Debug|Any CPU.ActiveCfg = Debug|Any CPU
		{3740BA5F-1AEA-4D58-B64F-15FE70430F62}.Debug|Any CPU.Build.0 = Debug|Any CPU
		{3740BA5F-1AEA-4D58-B64F-15FE70430F62}.Release|Any CPU.ActiveCfg = Release|Any CPU
		{3740BA5F-1AEA-4D58-B64F-15FE70430F62}.Release|Any CPU.Build.0 = Release|Any CPU
	EndGlobalSection
	GlobalSection(SolutionProperties) = preSolution
		HideSolutionNode = FALSE
	EndGlobalSection
EndGlobal
