
Microsoft Visual Studio Solution File, Format Version 12.00
# Visual Studio 2013
VisualStudioVersion = 12.0.31101.0
MinimumVisualStudioVersion = 10.0.40219.1
Project("{FAE04EC0-301F-11D3-BF4B-00C04F79EFBC}") = "Method", "Method\Method.csproj", "{71D8A90D-BC03-4E8A-9D2C-2CA5B7FBA6E2}"
EndProject
Project("{FAE04EC0-301F-11D3-BF4B-00C04F79EFBC}") = "Method1", "Method1\Method1.csproj", "{907B58C9-29BE-4998-8236-CBFC2668AE01}"
EndProject
Project("{FAE04EC0-301F-11D3-BF4B-00C04F79EFBC}") = "Method2", "Method2\Method2.csproj", "{4D3C582B-BBF7-49B2-8C70-348339FA6E62}"
EndProject
Project("{FAE04EC0-301F-11D3-BF4B-00C04F79EFBC}") = "Method3", "Method3\Method3.csproj", "{E7121493-46C4-4864-AD92-9C4D31453D91}"
EndProject
Project("{FAE04EC0-301F-11D3-BF4B-00C04F79EFBC}") = "Method4", "Method4\Method4.csproj", "{CC7BF0C6-BC22-44A8-9448-4C9706AA0BDA}"
EndProject
Global
	GlobalSection(SolutionConfigurationPlatforms) = preSolution
		Debug|Any CPU = Debug|Any CPU
		Release|Any CPU = Release|Any CPU
	EndGlobalSection
	GlobalSection(ProjectConfigurationPlatforms) = postSolution
		{71D8A90D-BC03-4E8A-9D2C-2CA5B7FBA6E2}.Debug|Any CPU.ActiveCfg = Debug|Any CPU
		{71D8A90D-BC03-4E8A-9D2C-2CA5B7FBA6E2}.Debug|Any CPU.Build.0 = Debug|Any CPU
		{71D8A90D-BC03-4E8A-9D2C-2CA5B7FBA6E2}.Release|Any CPU.ActiveCfg = Release|Any CPU
		{71D8A90D-BC03-4E8A-9D2C-2CA5B7FBA6E2}.Release|Any CPU.Build.0 = Release|Any CPU
		{907B58C9-29BE-4998-8236-CBFC2668AE01}.Debug|Any CPU.ActiveCfg = Debug|Any CPU
		{907B58C9-29BE-4998-8236-CBFC2668AE01}.Debug|Any CPU.Build.0 = Debug|Any CPU
		{907B58C9-29BE-4998-8236-CBFC2668AE01}.Release|Any CPU.ActiveCfg = Release|Any CPU
		{907B58C9-29BE-4998-8236-CBFC2668AE01}.Release|Any CPU.Build.0 = Release|Any CPU
		{4D3C582B-BBF7-49B2-8C70-348339FA6E62}.Debug|Any CPU.ActiveCfg = Debug|Any CPU
		{4D3C582B-BBF7-49B2-8C70-348339FA6E62}.Debug|Any CPU.Build.0 = Debug|Any CPU
		{4D3C582B-BBF7-49B2-8C70-348339FA6E62}.Release|Any CPU.ActiveCfg = Release|Any CPU
		{4D3C582B-BBF7-49B2-8C70-348339FA6E62}.Release|Any CPU.Build.0 = Release|Any CPU
		{E7121493-46C4-4864-AD92-9C4D31453D91}.Debug|Any CPU.ActiveCfg = Debug|Any CPU
		{E7121493-46C4-4864-AD92-9C4D31453D91}.Debug|Any CPU.Build.0 = Debug|Any CPU
		{E7121493-46C4-4864-AD92-9C4D31453D91}.Release|Any CPU.ActiveCfg = Release|Any CPU
		{E7121493-46C4-4864-AD92-9C4D31453D91}.Release|Any CPU.Build.0 = Release|Any CPU
		{CC7BF0C6-BC22-44A8-9448-4C9706AA0BDA}.Debug|Any CPU.ActiveCfg = Debug|Any CPU
		{CC7BF0C6-BC22-44A8-9448-4C9706AA0BDA}.Debug|Any CPU.Build.0 = Debug|Any CPU
		{CC7BF0C6-BC22-44A8-9448-4C9706AA0BDA}.Release|Any CPU.ActiveCfg = Release|Any CPU
		{CC7BF0C6-BC22-44A8-9448-4C9706AA0BDA}.Release|Any CPU.Build.0 = Release|Any CPU
	EndGlobalSection
	GlobalSection(SolutionProperties) = preSolution
		HideSolutionNode = FALSE
	EndGlobalSection
EndGlobal
